Microsoft Visual Studio Solution File, Format Version 11.00
# Visual Studio 2008

Project("{9F99DB97-CD3D-CCBD-6E53-D79004E68574}") = "Wizard_Academy", "Assembly-CSharp.csproj", "{0CE10C59-7CCC-738E-F924-DDCA2F85CBB3}"
EndProject
Global
	GlobalSection(SolutionConfigurationPlatforms) = preSolution
		Debug|Any CPU = Debug|Any CPU
		Release|Any CPU = Release|Any CPU
	EndGlobalSection
	GlobalSection(ProjectConfigurationPlatforms) = postSolution
		{0CE10C59-7CCC-738E-F924-DDCA2F85CBB3}.Debug|Any CPU.ActiveCfg = Debug|Any CPU
		{0CE10C59-7CCC-738E-F924-DDCA2F85CBB3}.Debug|Any CPU.Build.0 = Debug|Any CPU
		{0CE10C59-7CCC-738E-F924-DDCA2F85CBB3}.Release|Any CPU.ActiveCfg = Release|Any CPU
		{0CE10C59-7CCC-738E-F924-DDCA2F85CBB3}.Release|Any CPU.Build.0 = Release|Any CPU
	EndGlobalSection
	GlobalSection(SolutionProperties) = preSolution
		HideSolutionNode = FALSE
	EndGlobalSection
	GlobalSection(MonoDevelopProperties) = preSolution
		StartupItem = Assembly-CSharp.csproj
	EndGlobalSection
EndGlobal
