Microsoft Visual Studio Solution File, Format Version 11.00
# Visual Studio 2008

Project("{B3B9741B-BE16-D752-8CA6-8482ED90326F}") = "Wizard_Academy_NEW", "Assembly-CSharp.csproj", "{BD632B8B-3242-8EEB-1ADB-74218195B8C3}"
EndProject
Global
	GlobalSection(SolutionConfigurationPlatforms) = preSolution
		Debug|Any CPU = Debug|Any CPU
		Release|Any CPU = Release|Any CPU
	EndGlobalSection
	GlobalSection(ProjectConfigurationPlatforms) = postSolution
		{BD632B8B-3242-8EEB-1ADB-74218195B8C3}.Debug|Any CPU.ActiveCfg = Debug|Any CPU
		{BD632B8B-3242-8EEB-1ADB-74218195B8C3}.Debug|Any CPU.Build.0 = Debug|Any CPU
		{BD632B8B-3242-8EEB-1ADB-74218195B8C3}.Release|Any CPU.ActiveCfg = Release|Any CPU
		{BD632B8B-3242-8EEB-1ADB-74218195B8C3}.Release|Any CPU.Build.0 = Release|Any CPU
	EndGlobalSection
	GlobalSection(SolutionProperties) = preSolution
		HideSolutionNode = FALSE
	EndGlobalSection
	GlobalSection(MonoDevelopProperties) = preSolution
		StartupItem = Assembly-CSharp.csproj
	EndGlobalSection
EndGlobal
