Microsoft Visual Studio Solution File, Format Version 11.00
# Visual Studio 2008

Project("{3003C44E-5F51-7997-241E-48FE0059F570}") = "WizardAcademy", "Assembly-CSharp.csproj", "{F7956B5C-8612-B6DF-BF73-F33A0FCB942E}"
EndProject
Global
	GlobalSection(SolutionConfigurationPlatforms) = preSolution
		Debug|Any CPU = Debug|Any CPU
		Release|Any CPU = Release|Any CPU
	EndGlobalSection
	GlobalSection(ProjectConfigurationPlatforms) = postSolution
		{F7956B5C-8612-B6DF-BF73-F33A0FCB942E}.Debug|Any CPU.ActiveCfg = Debug|Any CPU
		{F7956B5C-8612-B6DF-BF73-F33A0FCB942E}.Debug|Any CPU.Build.0 = Debug|Any CPU
		{F7956B5C-8612-B6DF-BF73-F33A0FCB942E}.Release|Any CPU.ActiveCfg = Release|Any CPU
		{F7956B5C-8612-B6DF-BF73-F33A0FCB942E}.Release|Any CPU.Build.0 = Release|Any CPU
	EndGlobalSection
	GlobalSection(SolutionProperties) = preSolution
		HideSolutionNode = FALSE
	EndGlobalSection
	GlobalSection(MonoDevelopProperties) = preSolution
		StartupItem = Assembly-CSharp.csproj
	EndGlobalSection
EndGlobal
